
Microsoft Visual Studio Solution File, Format Version 12.00
# Visual Studio Version 16
VisualStudioVersion = 16.0.31105.61
MinimumVisualStudioVersion = 10.0.40219.1
Project("{FAE04EC0-301F-11D3-BF4B-00C04F79EFBC}") = "StreamingContent_Inheritance", "StreamingContent_Inheritance\StreamingContent_Inheritance.csproj", "{F7FB4C6F-C1C5-4175-BAB6-BB59B76543FE}"
EndProject
Project("{FAE04EC0-301F-11D3-BF4B-00C04F79EFBC}") = "StreamingContent_Tests", "StreamingContent_Tests\StreamingContent_Tests.csproj", "{9979FC17-8CF6-494C-9F3C-657CBBC34CED}"
EndProject
Project("{FAE04EC0-301F-11D3-BF4B-00C04F79EFBC}") = "UI", "UI\UI.csproj", "{27B24E04-7CF7-4962-A6F0-8120C52F4182}"
EndProject
Global
	GlobalSection(SolutionConfigurationPlatforms) = preSolution
		Debug|Any CPU = Debug|Any CPU
		Release|Any CPU = Release|Any CPU
	EndGlobalSection
	GlobalSection(ProjectConfigurationPlatforms) = postSolution
		{F7FB4C6F-C1C5-4175-BAB6-BB59B76543FE}.Debug|Any CPU.ActiveCfg = Debug|Any CPU
		{F7FB4C6F-C1C5-4175-BAB6-BB59B76543FE}.Debug|Any CPU.Build.0 = Debug|Any CPU
		{F7FB4C6F-C1C5-4175-BAB6-BB59B76543FE}.Release|Any CPU.ActiveCfg = Release|Any CPU
		{F7FB4C6F-C1C5-4175-BAB6-BB59B76543FE}.Release|Any CPU.Build.0 = Release|Any CPU
		{9979FC17-8CF6-494C-9F3C-657CBBC34CED}.Debug|Any CPU.ActiveCfg = Debug|Any CPU
		{9979FC17-8CF6-494C-9F3C-657CBBC34CED}.Debug|Any CPU.Build.0 = Debug|Any CPU
		{9979FC17-8CF6-494C-9F3C-657CBBC34CED}.Release|Any CPU.ActiveCfg = Release|Any CPU
		{9979FC17-8CF6-494C-9F3C-657CBBC34CED}.Release|Any CPU.Build.0 = Release|Any CPU
		{27B24E04-7CF7-4962-A6F0-8120C52F4182}.Debug|Any CPU.ActiveCfg = Debug|Any CPU
		{27B24E04-7CF7-4962-A6F0-8120C52F4182}.Debug|Any CPU.Build.0 = Debug|Any CPU
		{27B24E04-7CF7-4962-A6F0-8120C52F4182}.Release|Any CPU.ActiveCfg = Release|Any CPU
		{27B24E04-7CF7-4962-A6F0-8120C52F4182}.Release|Any CPU.Build.0 = Release|Any CPU
	EndGlobalSection
	GlobalSection(SolutionProperties) = preSolution
		HideSolutionNode = FALSE
	EndGlobalSection
	GlobalSection(ExtensibilityGlobals) = postSolution
		SolutionGuid = {83E2F99A-16C9-4DF3-96AD-5F7597FA6F5C}
	EndGlobalSection
EndGlobal
